// !$*UTF8*$!
{
	archiveVersion = 1;
	classes = {
	};
	objectVersion = 46;
	objects = {

/* Begin PBXBuildFile section */
		05DDB2CF13E94C050057CAC9 /* UIKit.framework in Frameworks */ = {isa = PBXBuildFile; fileRef = 05DDB2CE13E94C050057CAC9 /* UIKit.framework */; };
		05DDB2D113E94C050057CAC9 /* Foundation.framework in Frameworks */ = {isa = PBXBuildFile; fileRef = 05DDB2D013E94C050057CAC9 /* Foundation.framework */; };
		05DDB2D313E94C050057CAC9 /* CoreGraphics.framework in Frameworks */ = {isa = PBXBuildFile; fileRef = 05DDB2D213E94C050057CAC9 /* CoreGraphics.framework */; };
		05DDB2D913E94C050057CAC9 /* InfoPlist.strings in Resources */ = {isa = PBXBuildFile; fileRef = 05DDB2D713E94C050057CAC9 /* InfoPlist.strings */; };
		05DDB2DC13E94C050057CAC9 /* main.m in Sources */ = {isa = PBXBuildFile; fileRef = 05DDB2DB13E94C050057CAC9 /* main.m */; };
		05DDB2DF13E94C050057CAC9 /* FreeDesignedTabBarAppDelegate.m in Sources */ = {isa = PBXBuildFile; fileRef = 05DDB2DE13E94C050057CAC9 /* FreeDesignedTabBarAppDelegate.m */; };
		05DDB2E213E94C050057CAC9 /* MainWindow.xib in Resources */ = {isa = PBXBuildFile; fileRef = 05DDB2E013E94C050057CAC9 /* MainWindow.xib */; };
		05DDB2E513E94C050057CAC9 /* FirstViewController.m in Sources */ = {isa = PBXBuildFile; fileRef = 05DDB2E413E94C050057CAC9 /* FirstViewController.m */; };
		05DDB2E813E94C050057CAC9 /* SecondViewController.m in Sources */ = {isa = PBXBuildFile; fileRef = 05DDB2E713E94C050057CAC9 /* SecondViewController.m */; };
		05DDB2EB13E94C050057CAC9 /* FirstView.xib in Resources */ = {isa = PBXBuildFile; fileRef = 05DDB2E913E94C050057CAC9 /* FirstView.xib */; };
		05DDB2EE13E94C050057CAC9 /* SecondView.xib in Resources */ = {isa = PBXBuildFile; fileRef = 05DDB2EC13E94C050057CAC9 /* SecondView.xib */; };
		05DDB2F513E94C050057CAC9 /* UIKit.framework in Frameworks */ = {isa = PBXBuildFile; fileRef = 05DDB2CE13E94C050057CAC9 /* UIKit.framework */; };
		05DDB2F613E94C050057CAC9 /* Foundation.framework in Frameworks */ = {isa = PBXBuildFile; fileRef = 05DDB2D013E94C050057CAC9 /* Foundation.framework */; };
		05DDB2F713E94C050057CAC9 /* CoreGraphics.framework in Frameworks */ = {isa = PBXBuildFile; fileRef = 05DDB2D213E94C050057CAC9 /* CoreGraphics.framework */; };
		05DDB2FF13E94C050057CAC9 /* InfoPlist.strings in Resources */ = {isa = PBXBuildFile; fileRef = 05DDB2FD13E94C050057CAC9 /* InfoPlist.strings */; };
		05DDB30213E94C060057CAC9 /* FreeDesignedTabBarTests.h in Resources */ = {isa = PBXBuildFile; fileRef = 05DDB30113E94C060057CAC9 /* FreeDesignedTabBarTests.h */; };
		05DDB30413E94C060057CAC9 /* FreeDesignedTabBarTests.m in Sources */ = {isa = PBXBuildFile; fileRef = 05DDB30313E94C060057CAC9 /* FreeDesignedTabBarTests.m */; };
/* End PBXBuildFile section */

/* Begin PBXContainerItemProxy section */
		05DDB2F813E94C050057CAC9 /* PBXContainerItemProxy */ = {
			isa = PBXContainerItemProxy;
			containerPortal = 05DDB2C113E94C050057CAC9 /* Project object */;
			proxyType = 1;
			remoteGlobalIDString = 05DDB2C913E94C050057CAC9;
			remoteInfo = FreeDesignedTabBar;
		};
/* End PBXContainerItemProxy section */

/* Begin PBXFileReference section */
		05DDB2CA13E94C050057CAC9 /* FreeDesignedTabBar.app */ = {isa = PBXFileReference; explicitFileType = wrapper.application; includeInIndex = 0; path = FreeDesignedTabBar.app; sourceTree = BUILT_PRODUCTS_DIR; };
		05DDB2CE13E94C050057CAC9 /* UIKit.framework */ = {isa = PBXFileReference; lastKnownFileType = wrapper.framework; name = UIKit.framework; path = System/Library/Frameworks/UIKit.framework; sourceTree = SDKROOT; };
		05DDB2D013E94C050057CAC9 /* Foundation.framework */ = {isa = PBXFileReference; lastKnownFileType = wrapper.framework; name = Foundation.framework; path = System/Library/Frameworks/Foundation.framework; sourceTree = SDKROOT; };
		05DDB2D213E94C050057CAC9 /* CoreGraphics.framework */ = {isa = PBXFileReference; lastKnownFileType = wrapper.framework; name = CoreGraphics.framework; path = System/Library/Frameworks/CoreGraphics.framework; sourceTree = SDKROOT; };
		05DDB2D613E94C050057CAC9 /* FreeDesignedTabBar-Info.plist */ = {isa = PBXFileReference; path = "FreeDesignedTabBar-Info.plist"; sourceTree = "<group>"; };
		05DDB2D813E94C050057CAC9 /* en */ = {isa = PBXFileReference; lastKnownFileType = text.plist.strings; name = en; path = en.lproj/InfoPlist.strings; sourceTree = "<group>"; };
		05DDB2DA13E94C050057CAC9 /* FreeDesignedTabBar-Prefix.pch */ = {isa = PBXFileReference; path = "FreeDesignedTabBar-Prefix.pch"; sourceTree = "<group>"; };
		05DDB2DB13E94C050057CAC9 /* main.m */ = {isa = PBXFileReference; lastKnownFileType = sourcecode.c.objc; path = main.m; sourceTree = "<group>"; };
		05DDB2DD13E94C050057CAC9 /* FreeDesignedTabBarAppDelegate.h */ = {isa = PBXFileReference; path = FreeDesignedTabBarAppDelegate.h; sourceTree = "<group>"; };
		05DDB2DE13E94C050057CAC9 /* FreeDesignedTabBarAppDelegate.m */ = {isa = PBXFileReference; lastKnownFileType = sourcecode.c.objc; path = FreeDesignedTabBarAppDelegate.m; sourceTree = "<group>"; };
		05DDB2E113E94C050057CAC9 /* en */ = {isa = PBXFileReference; lastKnownFileType = file.xib; name = en; path = en.lproj/MainWindow.xib; sourceTree = "<group>"; };
		05DDB2E313E94C050057CAC9 /* FirstViewController.h */ = {isa = PBXFileReference; path = FirstViewController.h; sourceTree = "<group>"; };
		05DDB2E413E94C050057CAC9 /* FirstViewController.m */ = {isa = PBXFileReference; lastKnownFileType = sourcecode.c.objc; path = FirstViewController.m; sourceTree = "<group>"; };
		05DDB2E613E94C050057CAC9 /* SecondViewController.h */ = {isa = PBXFileReference; path = SecondViewController.h; sourceTree = "<group>"; };
		05DDB2E713E94C050057CAC9 /* SecondViewController.m */ = {isa = PBXFileReference; lastKnownFileType = sourcecode.c.objc; path = SecondViewController.m; sourceTree = "<group>"; };
		05DDB2EA13E94C050057CAC9 /* en */ = {isa = PBXFileReference; lastKnownFileType = file.xib; name = en; path = en.lproj/FirstView.xib; sourceTree = "<group>"; };
		05DDB2ED13E94C050057CAC9 /* en */ = {isa = PBXFileReference; lastKnownFileType = file.xib; name = en; path = en.lproj/SecondView.xib; sourceTree = "<group>"; };
		05DDB2F413E94C050057CAC9 /* FreeDesignedTabBarTests.octest */ = {isa = PBXFileReference; explicitFileType = wrapper.cfbundle; includeInIndex = 0; path = FreeDesignedTabBarTests.octest; sourceTree = BUILT_PRODUCTS_DIR; };
		05DDB2FC13E94C050057CAC9 /* FreeDesignedTabBarTests-Info.plist */ = {isa = PBXFileReference; path = "FreeDesignedTabBarTests-Info.plist"; sourceTree = "<group>"; };
		05DDB2FE13E94C050057CAC9 /* en */ = {isa = PBXFileReference; lastKnownFileType = text.plist.strings; name = en; path = en.lproj/InfoPlist.strings; sourceTree = "<group>"; };
		05DDB30013E94C050057CAC9 /* FreeDesignedTabBarTests-Prefix.pch */ = {isa = PBXFileReference; path = "FreeDesignedTabBarTests-Prefix.pch"; sourceTree = "<group>"; };
		05DDB30113E94C060057CAC9 /* FreeDesignedTabBarTests.h */ = {isa = PBXFileReference; lastKnownFileType = sourcecode.c.h; path = FreeDesignedTabBarTests.h; sourceTree = "<group>"; };
		05DDB30313E94C060057CAC9 /* FreeDesignedTabBarTests.m */ = {isa = PBXFileReference; lastKnownFileType = sourcecode.c.objc; path = FreeDesignedTabBarTests.m; sourceTree = "<group>"; };
/* End PBXFileReference section */

/* Begin PBXFrameworksBuildPhase section */
		05DDB2C713E94C050057CAC9 /* Frameworks */ = {
			isa = PBXFrameworksBuildPhase;
			buildActionMask = 2147483647;
			files = (
				05DDB2CF13E94C050057CAC9 /* UIKit.framework in Frameworks */,
				05DDB2D113E94C050057CAC9 /* Foundation.framework in Frameworks */,
				05DDB2D313E94C050057CAC9 /* CoreGraphics.framework in Frameworks */,
			);
			runOnlyForDeploymentPostprocessing = 0;
		};
		05DDB2F013E94C050057CAC9 /* Frameworks */ = {
			isa = PBXFrameworksBuildPhase;
			buildActionMask = 2147483647;
			files = (
				05DDB2F513E94C050057CAC9 /* UIKit.framework in Frameworks */,
				05DDB2F613E94C050057CAC9 /* Foundation.framework in Frameworks */,
				05DDB2F713E94C050057CAC9 /* CoreGraphics.framework in Frameworks */,
			);
			runOnlyForDeploymentPostprocessing = 0;
		};
/* End PBXFrameworksBuildPhase section */

/* Begin PBXGroup section */
		05DDB2BF13E94C050057CAC9 = {
			isa = PBXGroup;
			children = (
				05DDB2D413E94C050057CAC9 /* FreeDesignedTabBar */,
				05DDB2FA13E94C050057CAC9 /* FreeDesignedTabBarTests */,
				05DDB2CD13E94C050057CAC9 /* Frameworks */,
				05DDB2CB13E94C050057CAC9 /* Products */,
			);
			sourceTree = "<group>";
		};
		05DDB2CB13E94C050057CAC9 /* Products */ = {
			isa = PBXGroup;
			children = (
				05DDB2CA13E94C050057CAC9 /* FreeDesignedTabBar.app */,
				05DDB2F413E94C050057CAC9 /* FreeDesignedTabBarTests.octest */,
			);
			name = Products;
			sourceTree = "<group>";
		};
		05DDB2CD13E94C050057CAC9 /* Frameworks */ = {
			isa = PBXGroup;
			children = (
				05DDB2CE13E94C050057CAC9 /* UIKit.framework */,
				05DDB2D013E94C050057CAC9 /* Foundation.framework */,
				05DDB2D213E94C050057CAC9 /* CoreGraphics.framework */,
			);
			name = Frameworks;
			sourceTree = "<group>";
		};
		05DDB2D413E94C050057CAC9 /* FreeDesignedTabBar */ = {
			isa = PBXGroup;
			children = (
				05DDB2DD13E94C050057CAC9 /* FreeDesignedTabBarAppDelegate.h */,
				05DDB2DE13E94C050057CAC9 /* FreeDesignedTabBarAppDelegate.m */,
				05DDB2E013E94C050057CAC9 /* MainWindow.xib */,
				05DDB2E313E94C050057CAC9 /* FirstViewController.h */,
				05DDB2E413E94C050057CAC9 /* FirstViewController.m */,
				05DDB2E613E94C050057CAC9 /* SecondViewController.h */,
				05DDB2E713E94C050057CAC9 /* SecondViewController.m */,
				05DDB2E913E94C050057CAC9 /* FirstView.xib */,
				05DDB2EC13E94C050057CAC9 /* SecondView.xib */,
				05DDB2D513E94C050057CAC9 /* Supporting Files */,
			);
			path = FreeDesignedTabBar;
			sourceTree = "<group>";
		};
		05DDB2D513E94C050057CAC9 /* Supporting Files */ = {
			isa = PBXGroup;
			children = (
				05DDB2D613E94C050057CAC9 /* FreeDesignedTabBar-Info.plist */,
				05DDB2D713E94C050057CAC9 /* InfoPlist.strings */,
				05DDB2DA13E94C050057CAC9 /* FreeDesignedTabBar-Prefix.pch */,
				05DDB2DB13E94C050057CAC9 /* main.m */,
			);
			name = "Supporting Files";
			sourceTree = "<group>";
		};
		05DDB2FA13E94C050057CAC9 /* FreeDesignedTabBarTests */ = {
			isa = PBXGroup;
			children = (
				05DDB30113E94C060057CAC9 /* FreeDesignedTabBarTests.h */,
				05DDB30313E94C060057CAC9 /* FreeDesignedTabBarTests.m */,
				05DDB2FB13E94C050057CAC9 /* Supporting Files */,
			);
			path = FreeDesignedTabBarTests;
			sourceTree = "<group>";
		};
		05DDB2FB13E94C050057CAC9 /* Supporting Files */ = {
			isa = PBXGroup;
			children = (
				05DDB2FC13E94C050057CAC9 /* FreeDesignedTabBarTests-Info.plist */,
				05DDB2FD13E94C050057CAC9 /* InfoPlist.strings */,
				05DDB30013E94C050057CAC9 /* FreeDesignedTabBarTests-Prefix.pch */,
			);
			name = "Supporting Files";
			sourceTree = "<group>";
		};
/* End PBXGroup section */

/* Begin PBXNativeTarget section */
		05DDB2C913E94C050057CAC9 /* FreeDesignedTabBar */ = {
			isa = PBXNativeTarget;
			buildConfigurationList = 05DDB30713E94C060057CAC9 /* Build configuration list for PBXNativeTarget "FreeDesignedTabBar" */;
			buildPhases = (
				05DDB2C613E94C050057CAC9 /* Sources */,
				05DDB2C713E94C050057CAC9 /* Frameworks */,
				05DDB2C813E94C050057CAC9 /* Resources */,
			);
			buildRules = (
			);
			dependencies = (
			);
			name = FreeDesignedTabBar;
			productName = FreeDesignedTabBar;
			productReference = 05DDB2CA13E94C050057CAC9 /* FreeDesignedTabBar.app */;
			productType = "com.apple.product-type.application";
		};
		05DDB2F313E94C050057CAC9 /* FreeDesignedTabBarTests */ = {
			isa = PBXNativeTarget;
			buildConfigurationList = 05DDB30A13E94C060057CAC9 /* Build configuration list for PBXNativeTarget "FreeDesignedTabBarTests" */;
			buildPhases = (
				05DDB2EF13E94C050057CAC9 /* Sources */,
				05DDB2F013E94C050057CAC9 /* Frameworks */,
				05DDB2F113E94C050057CAC9 /* Resources */,
				05DDB2F213E94C050057CAC9 /* ShellScript */,
			);
			buildRules = (
			);
			dependencies = (
				05DDB2F913E94C050057CAC9 /* PBXTargetDependency */,
			);
			name = FreeDesignedTabBarTests;
			productName = FreeDesignedTabBarTests;
			productReference = 05DDB2F413E94C050057CAC9 /* FreeDesignedTabBarTests.octest */;
			productType = "com.apple.product-type.bundle";
		};
/* End PBXNativeTarget section */

/* Begin PBXProject section */
		05DDB2C113E94C050057CAC9 /* Project object */ = {
			isa = PBXProject;
			buildConfigurationList = 05DDB2C413E94C050057CAC9 /* Build configuration list for PBXProject "FreeDesignedTabBar" */;
			compatibilityVersion = "Xcode 3.2";
			developmentRegion = English;
			hasScannedForEncodings = 0;
			knownRegions = (
				en,
			);
			mainGroup = 05DDB2BF13E94C050057CAC9;
			productRefGroup = 05DDB2CB13E94C050057CAC9 /* Products */;
			projectDirPath = "";
			projectRoot = "";
			targets = (
				05DDB2C913E94C050057CAC9 /* FreeDesignedTabBar */,
				05DDB2F313E94C050057CAC9 /* FreeDesignedTabBarTests */,
			);
		};
/* End PBXProject section */

/* Begin PBXResourcesBuildPhase section */
		05DDB2C813E94C050057CAC9 /* Resources */ = {
			isa = PBXResourcesBuildPhase;
			buildActionMask = 2147483647;
			files = (
				05DDB2D913E94C050057CAC9 /* InfoPlist.strings in Resources */,
				05DDB2E213E94C050057CAC9 /* MainWindow.xib in Resources */,
				05DDB2EB13E94C050057CAC9 /* FirstView.xib in Resources */,
				05DDB2EE13E94C050057CAC9 /* SecondView.xib in Resources */,
			);
			runOnlyForDeploymentPostprocessing = 0;
		};
		05DDB2F113E94C050057CAC9 /* Resources */ = {
			isa = PBXResourcesBuildPhase;
			buildActionMask = 2147483647;
			files = (
				05DDB2FF13E94C050057CAC9 /* InfoPlist.strings in Resources */,
				05DDB30213E94C060057CAC9 /* FreeDesignedTabBarTests.h in Resources */,
			);
			runOnlyForDeploymentPostprocessing = 0;
		};
/* End PBXResourcesBuildPhase section */

/* Begin PBXShellScriptBuildPhase section */
		05DDB2F213E94C050057CAC9 /* ShellScript */ = {
			isa = PBXShellScriptBuildPhase;
			buildActionMask = 2147483647;
			files = (
			);
			inputPaths = (
			);
			outputPaths = (
			);
			runOnlyForDeploymentPostprocessing = 0;
			shellPath = /bin/sh;
			shellScript = "# Run the unit tests in this test bundle.\n\"${SYSTEM_DEVELOPER_DIR}/Tools/RunUnitTests\"\n";
		};
/* End PBXShellScriptBuildPhase section */

/* Begin PBXSourcesBuildPhase section */
		05DDB2C613E94C050057CAC9 /* Sources */ = {
			isa = PBXSourcesBuildPhase;
			buildActionMask = 2147483647;
			files = (
				05DDB2DC13E94C050057CAC9 /* main.m in Sources */,
				05DDB2DF13E94C050057CAC9 /* FreeDesignedTabBarAppDelegate.m in Sources */,
				05DDB2E513E94C050057CAC9 /* FirstViewController.m in Sources */,
				05DDB2E813E94C050057CAC9 /* SecondViewController.m in Sources */,
			);
			runOnlyForDeploymentPostprocessing = 0;
		};
		05DDB2EF13E94C050057CAC9 /* Sources */ = {
			isa = PBXSourcesBuildPhase;
			buildActionMask = 2147483647;
			files = (
				05DDB30413E94C060057CAC9 /* FreeDesignedTabBarTests.m in Sources */,
			);
			runOnlyForDeploymentPostprocessing = 0;
		};
/* End PBXSourcesBuildPhase section */

/* Begin PBXTargetDependency section */
		05DDB2F913E94C050057CAC9 /* PBXTargetDependency */ = {
			isa = PBXTargetDependency;
			target = 05DDB2C913E94C050057CAC9 /* FreeDesignedTabBar */;
			targetProxy = 05DDB2F813E94C050057CAC9 /* PBXContainerItemProxy */;
		};
/* End PBXTargetDependency section */

/* Begin PBXVariantGroup section */
		05DDB2D713E94C050057CAC9 /* InfoPlist.strings */ = {
			isa = PBXVariantGroup;
			children = (
				05DDB2D813E94C050057CAC9 /* en */,
			);
			name = InfoPlist.strings;
			sourceTree = "<group>";
		};
		05DDB2E013E94C050057CAC9 /* MainWindow.xib */ = {
			isa = PBXVariantGroup;
			children = (
				05DDB2E113E94C050057CAC9 /* en */,
			);
			name = MainWindow.xib;
			sourceTree = "<group>";
		};
		05DDB2E913E94C050057CAC9 /* FirstView.xib */ = {
			isa = PBXVariantGroup;
			children = (
				05DDB2EA13E94C050057CAC9 /* en */,
			);
			name = FirstView.xib;
			sourceTree = "<group>";
		};
		05DDB2EC13E94C050057CAC9 /* SecondView.xib */ = {
			isa = PBXVariantGroup;
			children = (
				05DDB2ED13E94C050057CAC9 /* en */,
			);
			name = SecondView.xib;
			sourceTree = "<group>";
		};
		05DDB2FD13E94C050057CAC9 /* InfoPlist.strings */ = {
			isa = PBXVariantGroup;
			children = (
				05DDB2FE13E94C050057CAC9 /* en */,
			);
			name = InfoPlist.strings;
			sourceTree = "<group>";
		};
/* End PBXVariantGroup section */

/* Begin XCBuildConfiguration section */
		05DDB30513E94C060057CAC9 /* Debug */ = {
			isa = XCBuildConfiguration;
			buildSettings = {
				ARCHS = "$(ARCHS_STANDARD_32_BIT)";
				"CODE_SIGN_IDENTITY[sdk=iphoneos*]" = "iPhone Developer";
				GCC_C_LANGUAGE_STANDARD = gnu99;
				GCC_OPTIMIZATION_LEVEL = 0;
				GCC_PREPROCESSOR_DEFINITIONS = DEBUG;
				GCC_SYMBOLS_PRIVATE_EXTERN = NO;
				GCC_VERSION = com.apple.compilers.llvmgcc42;
				GCC_WARN_ABOUT_RETURN_TYPE = YES;
				GCC_WARN_UNUSED_VARIABLE = YES;
				IPHONEOS_DEPLOYMENT_TARGET = 4.3;
				SDKROOT = iphoneos;
			};
			name = Debug;
		};
		05DDB30613E94C060057CAC9 /* Release */ = {
			isa = XCBuildConfiguration;
			buildSettings = {
				ARCHS = "$(ARCHS_STANDARD_32_BIT)";
				"CODE_SIGN_IDENTITY[sdk=iphoneos*]" = "iPhone Developer";
				GCC_C_LANGUAGE_STANDARD = gnu99;
				GCC_VERSION = com.apple.compilers.llvmgcc42;
				GCC_WARN_ABOUT_RETURN_TYPE = YES;
				GCC_WARN_UNUSED_VARIABLE = YES;
				IPHONEOS_DEPLOYMENT_TARGET = 4.3;
				OTHER_CFLAGS = "-DNS_BLOCK_ASSERTIONS=1";
				SDKROOT = iphoneos;
			};
			name = Release;
		};
		05DDB30813E94C060057CAC9 /* Debug */ = {
			isa = XCBuildConfiguration;
			buildSettings = {
				ALWAYS_SEARCH_USER_PATHS = NO;
				COPY_PHASE_STRIP = NO;
				GCC_DYNAMIC_NO_PIC = NO;
				GCC_PRECOMPILE_PREFIX_HEADER = YES;
				GCC_PREFIX_HEADER = "FreeDesignedTabBar/FreeDesignedTabBar-Prefix.pch";
				INFOPLIST_FILE = "FreeDesignedTabBar/FreeDesignedTabBar-Info.plist";
				PRODUCT_NAME = "$(TARGET_NAME)";
				WRAPPER_EXTENSION = app;
			};
			name = Debug;
		};
		05DDB30913E94C060057CAC9 /* Release */ = {
			isa = XCBuildConfiguration;
			buildSettings = {
				ALWAYS_SEARCH_USER_PATHS = NO;
				COPY_PHASE_STRIP = YES;
				GCC_PRECOMPILE_PREFIX_HEADER = YES;
				GCC_PREFIX_HEADER = "FreeDesignedTabBar/FreeDesignedTabBar-Prefix.pch";
				INFOPLIST_FILE = "FreeDesignedTabBar/FreeDesignedTabBar-Info.plist";
				PRODUCT_NAME = "$(TARGET_NAME)";
				VALIDATE_PRODUCT = YES;
				WRAPPER_EXTENSION = app;
			};
			name = Release;
		};
		05DDB30B13E94C060057CAC9 /* Debug */ = {
			isa = XCBuildConfiguration;
			buildSettings = {
				ALWAYS_SEARCH_USER_PATHS = NO;
				BUNDLE_LOADER = "$(BUILT_PRODUCTS_DIR)/FreeDesignedTabBar.app/FreeDesignedTabBar";
				FRAMEWORK_SEARCH_PATHS = (
					"$(SDKROOT)/Developer/Library/Frameworks",
					"$(DEVELOPER_LIBRARY_DIR)/Frameworks",
				);
				GCC_PRECOMPILE_PREFIX_HEADER = YES;
				GCC_PREFIX_HEADER = "FreeDesignedTabBarTests/FreeDesignedTabBarTests-Prefix.pch";
				INFOPLIST_FILE = "FreeDesignedTabBarTests/FreeDesignedTabBarTests-Info.plist";
				OTHER_LDFLAGS = (
					"-framework",
					SenTestingKit,
				);
				PRODUCT_NAME = "$(TARGET_NAME)";
				TEST_HOST = "$(BUNDLE_LOADER)";
				WRAPPER_EXTENSION = octest;
			};
			name = Debug;
		};
		05DDB30C13E94C060057CAC9 /* Release */ = {
			isa = XCBuildConfiguration;
			buildSettings = {
				ALWAYS_SEARCH_USER_PATHS = NO;
				BUNDLE_LOADER = "$(BUILT_PRODUCTS_DIR)/FreeDesignedTabBar.app/FreeDesignedTabBar";
				FRAMEWORK_SEARCH_PATHS = (
					"$(SDKROOT)/Developer/Library/Frameworks",
					"$(DEVELOPER_LIBRARY_DIR)/Frameworks",
				);
				GCC_PRECOMPILE_PREFIX_HEADER = YES;
				GCC_PREFIX_HEADER = "FreeDesignedTabBarTests/FreeDesignedTabBarTests-Prefix.pch";
				INFOPLIST_FILE = "FreeDesignedTabBarTests/FreeDesignedTabBarTests-Info.plist";
				OTHER_LDFLAGS = (
					"-framework",
					SenTestingKit,
				);
				PRODUCT_NAME = "$(TARGET_NAME)";
				TEST_HOST = "$(BUNDLE_LOADER)";
				WRAPPER_EXTENSION = octest;
			};
			name = Release;
		};
/* End XCBuildConfiguration section */

/* Begin XCConfigurationList section */
		05DDB2C413E94C050057CAC9 /* Build configuration list for PBXProject "FreeDesignedTabBar" */ = {
			isa = XCConfigurationList;
			buildConfigurations = (
				05DDB30513E94C060057CAC9 /* Debug */,
				05DDB30613E94C060057CAC9 /* Release */,
			);
			defaultConfigurationIsVisible = 0;
			defaultConfigurationName = Release;
		};
		05DDB30713E94C060057CAC9 /* Build configuration list for PBXNativeTarget "FreeDesignedTabBar" */ = {
			isa = XCConfigurationList;
			buildConfigurations = (
				05DDB30813E94C060057CAC9 /* Debug */,
				05DDB30913E94C060057CAC9 /* Release */,
			);
			defaultConfigurationIsVisible = 0;
		};
		05DDB30A13E94C060057CAC9 /* Build configuration list for PBXNativeTarget "FreeDesignedTabBarTests" */ = {
			isa = XCConfigurationList;
			buildConfigurations = (
				05DDB30B13E94C060057CAC9 /* Debug */,
				05DDB30C13E94C060057CAC9 /* Release */,
			);
			defaultConfigurationIsVisible = 0;
		};
/* End XCConfigurationList section */
	};
	rootObject = 05DDB2C113E94C050057CAC9 /* Project object */;
}
